
Microsoft Visual Studio Solution File, Format Version 12.00
# Visual Studio Version 16
VisualStudioVersion = 16.0.31205.134
MinimumVisualStudioVersion = 10.0.40219.1
Project("{FAE04EC0-301F-11D3-BF4B-00C04F79EFBC}") = "TallerMecanico", "TallerMecanico\TallerMecanico.csproj", "{AC301E87-CA53-4B62-BF20-17301758F680}"
EndProject
Global
	GlobalSection(SolutionConfigurationPlatforms) = preSolution
		Debug|Any CPU = Debug|Any CPU
		Release|Any CPU = Release|Any CPU
	EndGlobalSection
	GlobalSection(ProjectConfigurationPlatforms) = postSolution
		{AC301E87-CA53-4B62-BF20-17301758F680}.Debug|Any CPU.ActiveCfg = Debug|Any CPU
		{AC301E87-CA53-4B62-BF20-17301758F680}.Debug|Any CPU.Build.0 = Debug|Any CPU
		{AC301E87-CA53-4B62-BF20-17301758F680}.Release|Any CPU.ActiveCfg = Release|Any CPU
		{AC301E87-CA53-4B62-BF20-17301758F680}.Release|Any CPU.Build.0 = Release|Any CPU
	EndGlobalSection
	GlobalSection(SolutionProperties) = preSolution
		HideSolutionNode = FALSE
	EndGlobalSection
	GlobalSection(ExtensibilityGlobals) = postSolution
		SolutionGuid = {73D3874C-D010-4567-A1D0-89C8EEDA864D}
	EndGlobalSection
EndGlobal
